
Microsoft Visual Studio Solution File, Format Version 12.00
# Visual Studio Version 16
VisualStudioVersion = 16.0.29911.84
MinimumVisualStudioVersion = 10.0.40219.1
Project("{FAE04EC0-301F-11D3-BF4B-00C04F79EFBC}") = "RepositoryPattern", "RepositoryPattern\RepositoryPattern.csproj", "{2587636B-2847-4339-9329-E65BF8DCF541}"
EndProject
Global
	GlobalSection(SolutionConfigurationPlatforms) = preSolution
		Debug|Any CPU = Debug|Any CPU
		Release|Any CPU = Release|Any CPU
	EndGlobalSection
	GlobalSection(ProjectConfigurationPlatforms) = postSolution
		{2587636B-2847-4339-9329-E65BF8DCF541}.Debug|Any CPU.ActiveCfg = Debug|Any CPU
		{2587636B-2847-4339-9329-E65BF8DCF541}.Debug|Any CPU.Build.0 = Debug|Any CPU
		{2587636B-2847-4339-9329-E65BF8DCF541}.Release|Any CPU.ActiveCfg = Release|Any CPU
		{2587636B-2847-4339-9329-E65BF8DCF541}.Release|Any CPU.Build.0 = Release|Any CPU
	EndGlobalSection
	GlobalSection(SolutionProperties) = preSolution
		HideSolutionNode = FALSE
	EndGlobalSection
	GlobalSection(ExtensibilityGlobals) = postSolution
		SolutionGuid = {C40C3335-611D-4C45-9F79-2BD55DD86137}
	EndGlobalSection
EndGlobal
